
Microsoft Visual Studio Solution File, Format Version 12.00
# Visual Studio Version 17
VisualStudioVersion = 17.12.35707.178
MinimumVisualStudioVersion = 10.0.40219.1
Project("{FAE04EC0-301F-11D3-BF4B-00C04F79EFBC}") = "ConstrucManagement.Api", "..\ConstrucManagement.Api\ConstrucManagement.Api.csproj", "{4F4151BF-33BA-4C95-B026-FCC0AE4FEEE2}"
EndProject
Project("{FAE04EC0-301F-11D3-BF4B-00C04F79EFBC}") = "ConstrucManagement.Application", "ConstrucManagement.Application\ConstrucManagement.Application.csproj", "{7BE19785-67D4-4173-9448-0AF1A6599284}"
EndProject
Project("{FAE04EC0-301F-11D3-BF4B-00C04F79EFBC}") = "ConstrucManagement.Domain", "..\ConstrucManagement.Domain\ConstrucManagement.Domain.csproj", "{39BD43FF-90A5-4927-B79E-F5F7363DB33F}"
EndProject
Project("{FAE04EC0-301F-11D3-BF4B-00C04F79EFBC}") = "ConstrucManagement.Frontend", "..\ConstrucManagement.Frontend\ConstrucManagement.Frontend.csproj", "{1375E5F7-2D7F-4041-AB4D-7DAB68984D48}"
EndProject
Project("{FAE04EC0-301F-11D3-BF4B-00C04F79EFBC}") = "ConstrucManagement.Infrastructure", "..\ConstrucManagement.Infrastructure\ConstrucManagement.Infrastructure.csproj", "{57F0048F-EA4A-4871-AEB3-5D602C1095C3}"
EndProject
Global
	GlobalSection(SolutionConfigurationPlatforms) = preSolution
		Debug|Any CPU = Debug|Any CPU
		Release|Any CPU = Release|Any CPU
	EndGlobalSection
	GlobalSection(ProjectConfigurationPlatforms) = postSolution
		{4F4151BF-33BA-4C95-B026-FCC0AE4FEEE2}.Debug|Any CPU.ActiveCfg = Debug|Any CPU
		{4F4151BF-33BA-4C95-B026-FCC0AE4FEEE2}.Debug|Any CPU.Build.0 = Debug|Any CPU
		{4F4151BF-33BA-4C95-B026-FCC0AE4FEEE2}.Release|Any CPU.ActiveCfg = Release|Any CPU
		{4F4151BF-33BA-4C95-B026-FCC0AE4FEEE2}.Release|Any CPU.Build.0 = Release|Any CPU
		{7BE19785-67D4-4173-9448-0AF1A6599284}.Debug|Any CPU.ActiveCfg = Debug|Any CPU
		{7BE19785-67D4-4173-9448-0AF1A6599284}.Debug|Any CPU.Build.0 = Debug|Any CPU
		{7BE19785-67D4-4173-9448-0AF1A6599284}.Release|Any CPU.ActiveCfg = Release|Any CPU
		{7BE19785-67D4-4173-9448-0AF1A6599284}.Release|Any CPU.Build.0 = Release|Any CPU
		{39BD43FF-90A5-4927-B79E-F5F7363DB33F}.Debug|Any CPU.ActiveCfg = Debug|Any CPU
		{39BD43FF-90A5-4927-B79E-F5F7363DB33F}.Debug|Any CPU.Build.0 = Debug|Any CPU
		{39BD43FF-90A5-4927-B79E-F5F7363DB33F}.Release|Any CPU.ActiveCfg = Release|Any CPU
		{39BD43FF-90A5-4927-B79E-F5F7363DB33F}.Release|Any CPU.Build.0 = Release|Any CPU
		{1375E5F7-2D7F-4041-AB4D-7DAB68984D48}.Debug|Any CPU.ActiveCfg = Debug|Any CPU
		{1375E5F7-2D7F-4041-AB4D-7DAB68984D48}.Debug|Any CPU.Build.0 = Debug|Any CPU
		{1375E5F7-2D7F-4041-AB4D-7DAB68984D48}.Release|Any CPU.ActiveCfg = Release|Any CPU
		{1375E5F7-2D7F-4041-AB4D-7DAB68984D48}.Release|Any CPU.Build.0 = Release|Any CPU
		{57F0048F-EA4A-4871-AEB3-5D602C1095C3}.Debug|Any CPU.ActiveCfg = Debug|Any CPU
		{57F0048F-EA4A-4871-AEB3-5D602C1095C3}.Debug|Any CPU.Build.0 = Debug|Any CPU
		{57F0048F-EA4A-4871-AEB3-5D602C1095C3}.Release|Any CPU.ActiveCfg = Release|Any CPU
		{57F0048F-EA4A-4871-AEB3-5D602C1095C3}.Release|Any CPU.Build.0 = Release|Any CPU
	EndGlobalSection
	GlobalSection(SolutionProperties) = preSolution
		HideSolutionNode = FALSE
	EndGlobalSection
EndGlobal
